// !$*UTF8*$!
{
	archiveVersion = 1;
	classes = {
	};
	objectVersion = 56;
	objects = {

/* Begin PBXBuildFile section */
		C7533C082A4F10A600D7000A /* TestingSwiftUIAppsApp.swift in Sources */ = {isa = PBXBuildFile; fileRef = C7533C072A4F10A600D7000A /* TestingSwiftUIAppsApp.swift */; };
		C7533C0A2A4F10A600D7000A /* ContentView.swift in Sources */ = {isa = PBXBuildFile; fileRef = C7533C092A4F10A600D7000A /* ContentView.swift */; };
		C7533C0C2A4F10A900D7000A /* Assets.xcassets in Resources */ = {isa = PBXBuildFile; fileRef = C7533C0B2A4F10A900D7000A /* Assets.xcassets */; };
		C7533C0F2A4F10A900D7000A /* Preview Assets.xcassets in Resources */ = {isa = PBXBuildFile; fileRef = C7533C0E2A4F10A900D7000A /* Preview Assets.xcassets */; };
		C7533C192A4F10AA00D7000A /* TestingSwiftUIAppsTests.swift in Sources */ = {isa = PBXBuildFile; fileRef = C7533C182A4F10AA00D7000A /* TestingSwiftUIAppsTests.swift */; };
		C7533C232A4F10AA00D7000A /* TestingSwiftUIAppsUITests.swift in Sources */ = {isa = PBXBuildFile; fileRef = C7533C222A4F10AA00D7000A /* TestingSwiftUIAppsUITests.swift */; };
		C7533C252A4F10AA00D7000A /* TestingSwiftUIAppsUITestsLaunchTests.swift in Sources */ = {isa = PBXBuildFile; fileRef = C7533C242A4F10AA00D7000A /* TestingSwiftUIAppsUITestsLaunchTests.swift */; };
		C7D8B7B62A52910E003DDEEC /* Converters.swift in Sources */ = {isa = PBXBuildFile; fileRef = C7D8B7B52A52910E003DDEEC /* Converters.swift */; };
		C7D8B7BE2A52928E003DDEEC /* ConvertersTest.swift in Sources */ = {isa = PBXBuildFile; fileRef = C7D8B7BD2A52928E003DDEEC /* ConvertersTest.swift */; };
		C7D8B7C52A5292E8003DDEEC /* ConverterView.swift in Sources */ = {isa = PBXBuildFile; fileRef = C7D8B7C42A5292E8003DDEEC /* ConverterView.swift */; };
		C7D8B7C72A5292F5003DDEEC /* ConverterHandler.swift in Sources */ = {isa = PBXBuildFile; fileRef = C7D8B7C62A5292F5003DDEEC /* ConverterHandler.swift */; };
		C7D8B7CA2A52967D003DDEEC /* Converters.swift in Sources */ = {isa = PBXBuildFile; fileRef = C7D8B7B52A52910E003DDEEC /* Converters.swift */; };
/* End PBXBuildFile section */

/* Begin PBXContainerItemProxy section */
		C7533C152A4F10AA00D7000A /* PBXContainerItemProxy */ = {
			isa = PBXContainerItemProxy;
			containerPortal = C7533BFC2A4F10A600D7000A /* Project object */;
			proxyType = 1;
			remoteGlobalIDString = C7533C032A4F10A600D7000A;
			remoteInfo = TestingSwiftUIApps;
		};
		C7533C1F2A4F10AA00D7000A /* PBXContainerItemProxy */ = {
			isa = PBXContainerItemProxy;
			containerPortal = C7533BFC2A4F10A600D7000A /* Project object */;
			proxyType = 1;
			remoteGlobalIDString = C7533C032A4F10A600D7000A;
			remoteInfo = TestingSwiftUIApps;
		};
		C7D8B7BF2A52928E003DDEEC /* PBXContainerItemProxy */ = {
			isa = PBXContainerItemProxy;
			containerPortal = C7533BFC2A4F10A600D7000A /* Project object */;
			proxyType = 1;
			remoteGlobalIDString = C7533C032A4F10A600D7000A;
			remoteInfo = TestingSwiftUIApps;
		};
/* End PBXContainerItemProxy section */

/* Begin PBXFileReference section */
		C7533C042A4F10A600D7000A /* TestingSwiftUIApps.app */ = {isa = PBXFileReference; explicitFileType = wrapper.application; includeInIndex = 0; path = TestingSwiftUIApps.app; sourceTree = BUILT_PRODUCTS_DIR; };
		C7533C072A4F10A600D7000A /* TestingSwiftUIAppsApp.swift */ = {isa = PBXFileReference; lastKnownFileType = sourcecode.swift; path = TestingSwiftUIAppsApp.swift; sourceTree = "<group>"; };
		C7533C092A4F10A600D7000A /* ContentView.swift */ = {isa = PBXFileReference; lastKnownFileType = sourcecode.swift; path = ContentView.swift; sourceTree = "<group>"; };
		C7533C0B2A4F10A900D7000A /* Assets.xcassets */ = {isa = PBXFileReference; lastKnownFileType = folder.assetcatalog; path = Assets.xcassets; sourceTree = "<group>"; };
		C7533C0E2A4F10A900D7000A /* Preview Assets.xcassets */ = {isa = PBXFileReference; lastKnownFileType = folder.assetcatalog; path = "Preview Assets.xcassets"; sourceTree = "<group>"; };
		C7533C142A4F10AA00D7000A /* TestingSwiftUIAppsTests.xctest */ = {isa = PBXFileReference; explicitFileType = wrapper.cfbundle; includeInIndex = 0; path = TestingSwiftUIAppsTests.xctest; sourceTree = BUILT_PRODUCTS_DIR; };
		C7533C182A4F10AA00D7000A /* TestingSwiftUIAppsTests.swift */ = {isa = PBXFileReference; lastKnownFileType = sourcecode.swift; path = TestingSwiftUIAppsTests.swift; sourceTree = "<group>"; };
		C7533C1E2A4F10AA00D7000A /* TestingSwiftUIAppsUITests.xctest */ = {isa = PBXFileReference; explicitFileType = wrapper.cfbundle; includeInIndex = 0; path = TestingSwiftUIAppsUITests.xctest; sourceTree = BUILT_PRODUCTS_DIR; };
		C7533C222A4F10AA00D7000A /* TestingSwiftUIAppsUITests.swift */ = {isa = PBXFileReference; lastKnownFileType = sourcecode.swift; path = TestingSwiftUIAppsUITests.swift; sourceTree = "<group>"; };
		C7533C242A4F10AA00D7000A /* TestingSwiftUIAppsUITestsLaunchTests.swift */ = {isa = PBXFileReference; lastKnownFileType = sourcecode.swift; path = TestingSwiftUIAppsUITestsLaunchTests.swift; sourceTree = "<group>"; };
		C7D8B7B52A52910E003DDEEC /* Converters.swift */ = {isa = PBXFileReference; lastKnownFileType = sourcecode.swift; path = Converters.swift; sourceTree = "<group>"; };
		C7D8B7BB2A52928D003DDEEC /* ConvertersTest.xctest */ = {isa = PBXFileReference; explicitFileType = wrapper.cfbundle; includeInIndex = 0; path = ConvertersTest.xctest; sourceTree = BUILT_PRODUCTS_DIR; };
		C7D8B7BD2A52928E003DDEEC /* ConvertersTest.swift */ = {isa = PBXFileReference; lastKnownFileType = sourcecode.swift; path = ConvertersTest.swift; sourceTree = "<group>"; };
		C7D8B7C42A5292E8003DDEEC /* ConverterView.swift */ = {isa = PBXFileReference; lastKnownFileType = sourcecode.swift; path = ConverterView.swift; sourceTree = "<group>"; };
		C7D8B7C62A5292F5003DDEEC /* ConverterHandler.swift */ = {isa = PBXFileReference; lastKnownFileType = sourcecode.swift; path = ConverterHandler.swift; sourceTree = "<group>"; };
/* End PBXFileReference section */

/* Begin PBXFrameworksBuildPhase section */
		C7533C012A4F10A600D7000A /* Frameworks */ = {
			isa = PBXFrameworksBuildPhase;
			buildActionMask = 2147483647;
			files = (
			);
			runOnlyForDeploymentPostprocessing = 0;
		};
		C7533C112A4F10AA00D7000A /* Frameworks */ = {
			isa = PBXFrameworksBuildPhase;
			buildActionMask = 2147483647;
			files = (
			);
			runOnlyForDeploymentPostprocessing = 0;
		};
		C7533C1B2A4F10AA00D7000A /* Frameworks */ = {
			isa = PBXFrameworksBuildPhase;
			buildActionMask = 2147483647;
			files = (
			);
			runOnlyForDeploymentPostprocessing = 0;
		};
		C7D8B7B82A52928D003DDEEC /* Frameworks */ = {
			isa = PBXFrameworksBuildPhase;
			buildActionMask = 2147483647;
			files = (
			);
			runOnlyForDeploymentPostprocessing = 0;
		};
/* End PBXFrameworksBuildPhase section */

/* Begin PBXGroup section */
		C7533BFB2A4F10A600D7000A = {
			isa = PBXGroup;
			children = (
				C7533C062A4F10A600D7000A /* TestingSwiftUIApps */,
				C7533C172A4F10AA00D7000A /* TestingSwiftUIAppsTests */,
				C7533C212A4F10AA00D7000A /* TestingSwiftUIAppsUITests */,
				C7D8B7BC2A52928D003DDEEC /* ConvertersTest */,
				C7533C052A4F10A600D7000A /* Products */,
			);
			sourceTree = "<group>";
		};
		C7533C052A4F10A600D7000A /* Products */ = {
			isa = PBXGroup;
			children = (
				C7533C042A4F10A600D7000A /* TestingSwiftUIApps.app */,
				C7533C142A4F10AA00D7000A /* TestingSwiftUIAppsTests.xctest */,
				C7533C1E2A4F10AA00D7000A /* TestingSwiftUIAppsUITests.xctest */,
				C7D8B7BB2A52928D003DDEEC /* ConvertersTest.xctest */,
			);
			name = Products;
			sourceTree = "<group>";
		};
		C7533C062A4F10A600D7000A /* TestingSwiftUIApps */ = {
			isa = PBXGroup;
			children = (
				C7D8B7B42A52904D003DDEEC /* ConverterView */,
				C7533C072A4F10A600D7000A /* TestingSwiftUIAppsApp.swift */,
				C7533C092A4F10A600D7000A /* ContentView.swift */,
				C7533C0B2A4F10A900D7000A /* Assets.xcassets */,
				C7533C0D2A4F10A900D7000A /* Preview Content */,
			);
			path = TestingSwiftUIApps;
			sourceTree = "<group>";
		};
		C7533C0D2A4F10A900D7000A /* Preview Content */ = {
			isa = PBXGroup;
			children = (
				C7533C0E2A4F10A900D7000A /* Preview Assets.xcassets */,
			);
			path = "Preview Content";
			sourceTree = "<group>";
		};
		C7533C172A4F10AA00D7000A /* TestingSwiftUIAppsTests */ = {
			isa = PBXGroup;
			children = (
				C7533C182A4F10AA00D7000A /* TestingSwiftUIAppsTests.swift */,
			);
			path = TestingSwiftUIAppsTests;
			sourceTree = "<group>";
		};
		C7533C212A4F10AA00D7000A /* TestingSwiftUIAppsUITests */ = {
			isa = PBXGroup;
			children = (
				C7533C222A4F10AA00D7000A /* TestingSwiftUIAppsUITests.swift */,
				C7533C242A4F10AA00D7000A /* TestingSwiftUIAppsUITestsLaunchTests.swift */,
			);
			path = TestingSwiftUIAppsUITests;
			sourceTree = "<group>";
		};
		C7D8B7B42A52904D003DDEEC /* ConverterView */ = {
			isa = PBXGroup;
			children = (
				C7D8B7B52A52910E003DDEEC /* Converters.swift */,
				C7D8B7C42A5292E8003DDEEC /* ConverterView.swift */,
				C7D8B7C62A5292F5003DDEEC /* ConverterHandler.swift */,
			);
			path = ConverterView;
			sourceTree = "<group>";
		};
		C7D8B7BC2A52928D003DDEEC /* ConvertersTest */ = {
			isa = PBXGroup;
			children = (
				C7D8B7BD2A52928E003DDEEC /* ConvertersTest.swift */,
			);
			path = ConvertersTest;
			sourceTree = "<group>";
		};
/* End PBXGroup section */

/* Begin PBXNativeTarget section */
		C7533C032A4F10A600D7000A /* TestingSwiftUIApps */ = {
			isa = PBXNativeTarget;
			buildConfigurationList = C7533C282A4F10AA00D7000A /* Build configuration list for PBXNativeTarget "TestingSwiftUIApps" */;
			buildPhases = (
				C7533C002A4F10A600D7000A /* Sources */,
				C7533C012A4F10A600D7000A /* Frameworks */,
				C7533C022A4F10A600D7000A /* Resources */,
			);
			buildRules = (
			);
			dependencies = (
			);
			name = TestingSwiftUIApps;
			productName = TestingSwiftUIApps;
			productReference = C7533C042A4F10A600D7000A /* TestingSwiftUIApps.app */;
			productType = "com.apple.product-type.application";
		};
		C7533C132A4F10AA00D7000A /* TestingSwiftUIAppsTests */ = {
			isa = PBXNativeTarget;
			buildConfigurationList = C7533C2B2A4F10AA00D7000A /* Build configuration list for PBXNativeTarget "TestingSwiftUIAppsTests" */;
			buildPhases = (
				C7533C102A4F10AA00D7000A /* Sources */,
				C7533C112A4F10AA00D7000A /* Frameworks */,
				C7533C122A4F10AA00D7000A /* Resources */,
			);
			buildRules = (
			);
			dependencies = (
				C7533C162A4F10AA00D7000A /* PBXTargetDependency */,
			);
			name = TestingSwiftUIAppsTests;
			productName = TestingSwiftUIAppsTests;
			productReference = C7533C142A4F10AA00D7000A /* TestingSwiftUIAppsTests.xctest */;
			productType = "com.apple.product-type.bundle.unit-test";
		};
		C7533C1D2A4F10AA00D7000A /* TestingSwiftUIAppsUITests */ = {
			isa = PBXNativeTarget;
			buildConfigurationList = C7533C2E2A4F10AA00D7000A /* Build configuration list for PBXNativeTarget "TestingSwiftUIAppsUITests" */;
			buildPhases = (
				C7533C1A2A4F10AA00D7000A /* Sources */,
				C7533C1B2A4F10AA00D7000A /* Frameworks */,
				C7533C1C2A4F10AA00D7000A /* Resources */,
			);
			buildRules = (
			);
			dependencies = (
				C7533C202A4F10AA00D7000A /* PBXTargetDependency */,
			);
			name = TestingSwiftUIAppsUITests;
			productName = TestingSwiftUIAppsUITests;
			productReference = C7533C1E2A4F10AA00D7000A /* TestingSwiftUIAppsUITests.xctest */;
			productType = "com.apple.product-type.bundle.ui-testing";
		};
		C7D8B7BA2A52928D003DDEEC /* ConvertersTest */ = {
			isa = PBXNativeTarget;
			buildConfigurationList = C7D8B7C12A52928E003DDEEC /* Build configuration list for PBXNativeTarget "ConvertersTest" */;
			buildPhases = (
				C7D8B7B72A52928D003DDEEC /* Sources */,
				C7D8B7B82A52928D003DDEEC /* Frameworks */,
				C7D8B7B92A52928D003DDEEC /* Resources */,
			);
			buildRules = (
			);
			dependencies = (
				C7D8B7C02A52928E003DDEEC /* PBXTargetDependency */,
			);
			name = ConvertersTest;
			productName = ConvertersTest;
			productReference = C7D8B7BB2A52928D003DDEEC /* ConvertersTest.xctest */;
			productType = "com.apple.product-type.bundle.unit-test";
		};
/* End PBXNativeTarget section */

/* Begin PBXProject section */
		C7533BFC2A4F10A600D7000A /* Project object */ = {
			isa = PBXProject;
			attributes = {
				BuildIndependentTargetsInParallel = 1;
				LastSwiftUpdateCheck = 1420;
				LastUpgradeCheck = 1420;
				TargetAttributes = {
					C7533C032A4F10A600D7000A = {
						CreatedOnToolsVersion = 14.2;
					};
					C7533C132A4F10AA00D7000A = {
						CreatedOnToolsVersion = 14.2;
						TestTargetID = C7533C032A4F10A600D7000A;
					};
					C7533C1D2A4F10AA00D7000A = {
						CreatedOnToolsVersion = 14.2;
						TestTargetID = C7533C032A4F10A600D7000A;
					};
					C7D8B7BA2A52928D003DDEEC = {
						CreatedOnToolsVersion = 14.2;
						TestTargetID = C7533C032A4F10A600D7000A;
					};
				};
			};
			buildConfigurationList = C7533BFF2A4F10A600D7000A /* Build configuration list for PBXProject "TestingSwiftUIApps" */;
			compatibilityVersion = "Xcode 14.0";
			developmentRegion = en;
			hasScannedForEncodings = 0;
			knownRegions = (
				en,
				Base,
			);
			mainGroup = C7533BFB2A4F10A600D7000A;
			productRefGroup = C7533C052A4F10A600D7000A /* Products */;
			projectDirPath = "";
			projectRoot = "";
			targets = (
				C7533C032A4F10A600D7000A /* TestingSwiftUIApps */,
				C7533C132A4F10AA00D7000A /* TestingSwiftUIAppsTests */,
				C7533C1D2A4F10AA00D7000A /* TestingSwiftUIAppsUITests */,
				C7D8B7BA2A52928D003DDEEC /* ConvertersTest */,
			);
		};
/* End PBXProject section */

/* Begin PBXResourcesBuildPhase section */
		C7533C022A4F10A600D7000A /* Resources */ = {
			isa = PBXResourcesBuildPhase;
			buildActionMask = 2147483647;
			files = (
				C7533C0F2A4F10A900D7000A /* Preview Assets.xcassets in Resources */,
				C7533C0C2A4F10A900D7000A /* Assets.xcassets in Resources */,
			);
			runOnlyForDeploymentPostprocessing = 0;
		};
		C7533C122A4F10AA00D7000A /* Resources */ = {
			isa = PBXResourcesBuildPhase;
			buildActionMask = 2147483647;
			files = (
			);
			runOnlyForDeploymentPostprocessing = 0;
		};
		C7533C1C2A4F10AA00D7000A /* Resources */ = {
			isa = PBXResourcesBuildPhase;
			buildActionMask = 2147483647;
			files = (
			);
			runOnlyForDeploymentPostprocessing = 0;
		};
		C7D8B7B92A52928D003DDEEC /* Resources */ = {
			isa = PBXResourcesBuildPhase;
			buildActionMask = 2147483647;
			files = (
			);
			runOnlyForDeploymentPostprocessing = 0;
		};
/* End PBXResourcesBuildPhase section */

/* Begin PBXSourcesBuildPhase section */
		C7533C002A4F10A600D7000A /* Sources */ = {
			isa = PBXSourcesBuildPhase;
			buildActionMask = 2147483647;
			files = (
				C7533C0A2A4F10A600D7000A /* ContentView.swift in Sources */,
				C7D8B7C52A5292E8003DDEEC /* ConverterView.swift in Sources */,
				C7533C082A4F10A600D7000A /* TestingSwiftUIAppsApp.swift in Sources */,
				C7D8B7C72A5292F5003DDEEC /* ConverterHandler.swift in Sources */,
				C7D8B7B62A52910E003DDEEC /* Converters.swift in Sources */,
			);
			runOnlyForDeploymentPostprocessing = 0;
		};
		C7533C102A4F10AA00D7000A /* Sources */ = {
			isa = PBXSourcesBuildPhase;
			buildActionMask = 2147483647;
			files = (
				C7533C192A4F10AA00D7000A /* TestingSwiftUIAppsTests.swift in Sources */,
			);
			runOnlyForDeploymentPostprocessing = 0;
		};
		C7533C1A2A4F10AA00D7000A /* Sources */ = {
			isa = PBXSourcesBuildPhase;
			buildActionMask = 2147483647;
			files = (
				C7533C232A4F10AA00D7000A /* TestingSwiftUIAppsUITests.swift in Sources */,
				C7533C252A4F10AA00D7000A /* TestingSwiftUIAppsUITestsLaunchTests.swift in Sources */,
			);
			runOnlyForDeploymentPostprocessing = 0;
		};
		C7D8B7B72A52928D003DDEEC /* Sources */ = {
			isa = PBXSourcesBuildPhase;
			buildActionMask = 2147483647;
			files = (
				C7D8B7CA2A52967D003DDEEC /* Converters.swift in Sources */,
				C7D8B7BE2A52928E003DDEEC /* ConvertersTest.swift in Sources */,
			);
			runOnlyForDeploymentPostprocessing = 0;
		};
/* End PBXSourcesBuildPhase section */

/* Begin PBXTargetDependency section */
		C7533C162A4F10AA00D7000A /* PBXTargetDependency */ = {
			isa = PBXTargetDependency;
			target = C7533C032A4F10A600D7000A /* TestingSwiftUIApps */;
			targetProxy = C7533C152A4F10AA00D7000A /* PBXContainerItemProxy */;
		};
		C7533C202A4F10AA00D7000A /* PBXTargetDependency */ = {
			isa = PBXTargetDependency;
			target = C7533C032A4F10A600D7000A /* TestingSwiftUIApps */;
			targetProxy = C7533C1F2A4F10AA00D7000A /* PBXContainerItemProxy */;
		};
		C7D8B7C02A52928E003DDEEC /* PBXTargetDependency */ = {
			isa = PBXTargetDependency;
			target = C7533C032A4F10A600D7000A /* TestingSwiftUIApps */;
			targetProxy = C7D8B7BF2A52928E003DDEEC /* PBXContainerItemProxy */;
		};
/* End PBXTargetDependency section */

/* Begin XCBuildConfiguration section */
		C7533C262A4F10AA00D7000A /* Debug */ = {
			isa = XCBuildConfiguration;
			buildSettings = {
				ALWAYS_SEARCH_USER_PATHS = NO;
				CLANG_ANALYZER_NONNULL = YES;
				CLANG_ANALYZER_NUMBER_OBJECT_CONVERSION = YES_AGGRESSIVE;
				CLANG_CXX_LANGUAGE_STANDARD = "gnu++20";
				CLANG_ENABLE_MODULES = YES;
				CLANG_ENABLE_OBJC_ARC = YES;
				CLANG_ENABLE_OBJC_WEAK = YES;
				CLANG_WARN_BLOCK_CAPTURE_AUTORELEASING = YES;
				CLANG_WARN_BOOL_CONVERSION = YES;
				CLANG_WARN_COMMA = YES;
				CLANG_WARN_CONSTANT_CONVERSION = YES;
				CLANG_WARN_DEPRECATED_OBJC_IMPLEMENTATIONS = YES;
				CLANG_WARN_DIRECT_OBJC_ISA_USAGE = YES_ERROR;
				CLANG_WARN_DOCUMENTATION_COMMENTS = YES;
				CLANG_WARN_EMPTY_BODY = YES;
				CLANG_WARN_ENUM_CONVERSION = YES;
				CLANG_WARN_INFINITE_RECURSION = YES;
				CLANG_WARN_INT_CONVERSION = YES;
				CLANG_WARN_NON_LITERAL_NULL_CONVERSION = YES;
				CLANG_WARN_OBJC_IMPLICIT_RETAIN_SELF = YES;
				CLANG_WARN_OBJC_LITERAL_CONVERSION = YES;
				CLANG_WARN_OBJC_ROOT_CLASS = YES_ERROR;
				CLANG_WARN_QUOTED_INCLUDE_IN_FRAMEWORK_HEADER = YES;
				CLANG_WARN_RANGE_LOOP_ANALYSIS = YES;
				CLANG_WARN_STRICT_PROTOTYPES = YES;
				CLANG_WARN_SUSPICIOUS_MOVE = YES;
				CLANG_WARN_UNGUARDED_AVAILABILITY = YES_AGGRESSIVE;
				CLANG_WARN_UNREACHABLE_CODE = YES;
				CLANG_WARN__DUPLICATE_METHOD_MATCH = YES;
				COPY_PHASE_STRIP = NO;
				DEBUG_INFORMATION_FORMAT = dwarf;
				ENABLE_STRICT_OBJC_MSGSEND = YES;
				ENABLE_TESTABILITY = YES;
				GCC_C_LANGUAGE_STANDARD = gnu11;
				GCC_DYNAMIC_NO_PIC = NO;
				GCC_NO_COMMON_BLOCKS = YES;
				GCC_OPTIMIZATION_LEVEL = 0;
				GCC_PREPROCESSOR_DEFINITIONS = (
					"DEBUG=1",
					"$(inherited)",
				);
				GCC_WARN_64_TO_32_BIT_CONVERSION = YES;
				GCC_WARN_ABOUT_RETURN_TYPE = YES_ERROR;
				GCC_WARN_UNDECLARED_SELECTOR = YES;
				GCC_WARN_UNINITIALIZED_AUTOS = YES_AGGRESSIVE;
				GCC_WARN_UNUSED_FUNCTION = YES;
				GCC_WARN_UNUSED_VARIABLE = YES;
				IPHONEOS_DEPLOYMENT_TARGET = 16.2;
				MTL_ENABLE_DEBUG_INFO = INCLUDE_SOURCE;
				MTL_FAST_MATH = YES;
				ONLY_ACTIVE_ARCH = YES;
				SDKROOT = iphoneos;
				SWIFT_ACTIVE_COMPILATION_CONDITIONS = DEBUG;
				SWIFT_OPTIMIZATION_LEVEL = "-Onone";
			};
			name = Debug;
		};
		C7533C272A4F10AA00D7000A /* Release */ = {
			isa = XCBuildConfiguration;
			buildSettings = {
				ALWAYS_SEARCH_USER_PATHS = NO;
				CLANG_ANALYZER_NONNULL = YES;
				CLANG_ANALYZER_NUMBER_OBJECT_CONVERSION = YES_AGGRESSIVE;
				CLANG_CXX_LANGUAGE_STANDARD = "gnu++20";
				CLANG_ENABLE_MODULES = YES;
				CLANG_ENABLE_OBJC_ARC = YES;
				CLANG_ENABLE_OBJC_WEAK = YES;
				CLANG_WARN_BLOCK_CAPTURE_AUTORELEASING = YES;
				CLANG_WARN_BOOL_CONVERSION = YES;
				CLANG_WARN_COMMA = YES;
				CLANG_WARN_CONSTANT_CONVERSION = YES;
				CLANG_WARN_DEPRECATED_OBJC_IMPLEMENTATIONS = YES;
				CLANG_WARN_DIRECT_OBJC_ISA_USAGE = YES_ERROR;
				CLANG_WARN_DOCUMENTATION_COMMENTS = YES;
				CLANG_WARN_EMPTY_BODY = YES;
				CLANG_WARN_ENUM_CONVERSION = YES;
				CLANG_WARN_INFINITE_RECURSION = YES;
				CLANG_WARN_INT_CONVERSION = YES;
				CLANG_WARN_NON_LITERAL_NULL_CONVERSION = YES;
				CLANG_WARN_OBJC_IMPLICIT_RETAIN_SELF = YES;
				CLANG_WARN_OBJC_LITERAL_CONVERSION = YES;
				CLANG_WARN_OBJC_ROOT_CLASS = YES_ERROR;
				CLANG_WARN_QUOTED_INCLUDE_IN_FRAMEWORK_HEADER = YES;
				CLANG_WARN_RANGE_LOOP_ANALYSIS = YES;
				CLANG_WARN_STRICT_PROTOTYPES = YES;
				CLANG_WARN_SUSPICIOUS_MOVE = YES;
				CLANG_WARN_UNGUARDED_AVAILABILITY = YES_AGGRESSIVE;
				CLANG_WARN_UNREACHABLE_CODE = YES;
				CLANG_WARN__DUPLICATE_METHOD_MATCH = YES;
				COPY_PHASE_STRIP = NO;
				DEBUG_INFORMATION_FORMAT = "dwarf-with-dsym";
				ENABLE_NS_ASSERTIONS = NO;
				ENABLE_STRICT_OBJC_MSGSEND = YES;
				GCC_C_LANGUAGE_STANDARD = gnu11;
				GCC_NO_COMMON_BLOCKS = YES;
				GCC_WARN_64_TO_32_BIT_CONVERSION = YES;
				GCC_WARN_ABOUT_RETURN_TYPE = YES_ERROR;
				GCC_WARN_UNDECLARED_SELECTOR = YES;
				GCC_WARN_UNINITIALIZED_AUTOS = YES_AGGRESSIVE;
				GCC_WARN_UNUSED_FUNCTION = YES;
				GCC_WARN_UNUSED_VARIABLE = YES;
				IPHONEOS_DEPLOYMENT_TARGET = 16.2;
				MTL_ENABLE_DEBUG_INFO = NO;
				MTL_FAST_MATH = YES;
				SDKROOT = iphoneos;
				SWIFT_COMPILATION_MODE = wholemodule;
				SWIFT_OPTIMIZATION_LEVEL = "-O";
				VALIDATE_PRODUCT = YES;
			};
			name = Release;
		};
		C7533C292A4F10AA00D7000A /* Debug */ = {
			isa = XCBuildConfiguration;
			buildSettings = {
				ASSETCATALOG_COMPILER_APPICON_NAME = AppIcon;
				ASSETCATALOG_COMPILER_GLOBAL_ACCENT_COLOR_NAME = AccentColor;
				CODE_SIGN_STYLE = Automatic;
				CURRENT_PROJECT_VERSION = 1;
				DEVELOPMENT_ASSET_PATHS = "\"TestingSwiftUIApps/Preview Content\"";
				DEVELOPMENT_TEAM = U98MB87JNM;
				ENABLE_PREVIEWS = YES;
				GENERATE_INFOPLIST_FILE = YES;
				INFOPLIST_KEY_UIApplicationSceneManifest_Generation = YES;
				INFOPLIST_KEY_UIApplicationSupportsIndirectInputEvents = YES;
				INFOPLIST_KEY_UILaunchScreen_Generation = YES;
				INFOPLIST_KEY_UISupportedInterfaceOrientations_iPad = "UIInterfaceOrientationPortrait UIInterfaceOrientationPortraitUpsideDown UIInterfaceOrientationLandscapeLeft UIInterfaceOrientationLandscapeRight";
				INFOPLIST_KEY_UISupportedInterfaceOrientations_iPhone = "UIInterfaceOrientationPortrait UIInterfaceOrientationLandscapeLeft UIInterfaceOrientationLandscapeRight";
				LD_RUNPATH_SEARCH_PATHS = (
					"$(inherited)",
					"@executable_path/Frameworks",
				);
				MARKETING_VERSION = 1.0;
				PRODUCT_BUNDLE_IDENTIFIER = splashProject.TestingSwiftUIApps;
				PRODUCT_NAME = "$(TARGET_NAME)";
				SWIFT_EMIT_LOC_STRINGS = YES;
				SWIFT_VERSION = 5.0;
				TARGETED_DEVICE_FAMILY = "1,2";
			};
			name = Debug;
		};
		C7533C2A2A4F10AA00D7000A /* Release */ = {
			isa = XCBuildConfiguration;
			buildSettings = {
				ASSETCATALOG_COMPILER_APPICON_NAME = AppIcon;
				ASSETCATALOG_COMPILER_GLOBAL_ACCENT_COLOR_NAME = AccentColor;
				CODE_SIGN_STYLE = Automatic;
				CURRENT_PROJECT_VERSION = 1;
				DEVELOPMENT_ASSET_PATHS = "\"TestingSwiftUIApps/Preview Content\"";
				DEVELOPMENT_TEAM = U98MB87JNM;
				ENABLE_PREVIEWS = YES;
				GENERATE_INFOPLIST_FILE = YES;
				INFOPLIST_KEY_UIApplicationSceneManifest_Generation = YES;
				INFOPLIST_KEY_UIApplicationSupportsIndirectInputEvents = YES;
				INFOPLIST_KEY_UILaunchScreen_Generation = YES;
				INFOPLIST_KEY_UISupportedInterfaceOrientations_iPad = "UIInterfaceOrientationPortrait UIInterfaceOrientationPortraitUpsideDown UIInterfaceOrientationLandscapeLeft UIInterfaceOrientationLandscapeRight";
				INFOPLIST_KEY_UISupportedInterfaceOrientations_iPhone = "UIInterfaceOrientationPortrait UIInterfaceOrientationLandscapeLeft UIInterfaceOrientationLandscapeRight";
				LD_RUNPATH_SEARCH_PATHS = (
					"$(inherited)",
					"@executable_path/Frameworks",
				);
				MARKETING_VERSION = 1.0;
				PRODUCT_BUNDLE_IDENTIFIER = splashProject.TestingSwiftUIApps;
				PRODUCT_NAME = "$(TARGET_NAME)";
				SWIFT_EMIT_LOC_STRINGS = YES;
				SWIFT_VERSION = 5.0;
				TARGETED_DEVICE_FAMILY = "1,2";
			};
			name = Release;
		};
		C7533C2C2A4F10AA00D7000A /* Debug */ = {
			isa = XCBuildConfiguration;
			buildSettings = {
				ALWAYS_EMBED_SWIFT_STANDARD_LIBRARIES = YES;
				BUNDLE_LOADER = "$(TEST_HOST)";
				CODE_SIGN_STYLE = Automatic;
				CURRENT_PROJECT_VERSION = 1;
				DEVELOPMENT_TEAM = U98MB87JNM;
				GENERATE_INFOPLIST_FILE = YES;
				IPHONEOS_DEPLOYMENT_TARGET = 16.2;
				MARKETING_VERSION = 1.0;
				PRODUCT_BUNDLE_IDENTIFIER = splashProject.TestingSwiftUIAppsTests;
				PRODUCT_NAME = "$(TARGET_NAME)";
				SWIFT_EMIT_LOC_STRINGS = NO;
				SWIFT_VERSION = 5.0;
				TARGETED_DEVICE_FAMILY = "1,2";
				TEST_HOST = "$(BUILT_PRODUCTS_DIR)/TestingSwiftUIApps.app/$(BUNDLE_EXECUTABLE_FOLDER_PATH)/TestingSwiftUIApps";
			};
			name = Debug;
		};
		C7533C2D2A4F10AA00D7000A /* Release */ = {
			isa = XCBuildConfiguration;
			buildSettings = {
				ALWAYS_EMBED_SWIFT_STANDARD_LIBRARIES = YES;
				BUNDLE_LOADER = "$(TEST_HOST)";
				CODE_SIGN_STYLE = Automatic;
				CURRENT_PROJECT_VERSION = 1;
				DEVELOPMENT_TEAM = U98MB87JNM;
				GENERATE_INFOPLIST_FILE = YES;
				IPHONEOS_DEPLOYMENT_TARGET = 16.2;
				MARKETING_VERSION = 1.0;
				PRODUCT_BUNDLE_IDENTIFIER = splashProject.TestingSwiftUIAppsTests;
				PRODUCT_NAME = "$(TARGET_NAME)";
				SWIFT_EMIT_LOC_STRINGS = NO;
				SWIFT_VERSION = 5.0;
				TARGETED_DEVICE_FAMILY = "1,2";
				TEST_HOST = "$(BUILT_PRODUCTS_DIR)/TestingSwiftUIApps.app/$(BUNDLE_EXECUTABLE_FOLDER_PATH)/TestingSwiftUIApps";
			};
			name = Release;
		};
		C7533C2F2A4F10AA00D7000A /* Debug */ = {
			isa = XCBuildConfiguration;
			buildSettings = {
				ALWAYS_EMBED_SWIFT_STANDARD_LIBRARIES = YES;
				CODE_SIGN_STYLE = Automatic;
				CURRENT_PROJECT_VERSION = 1;
				DEVELOPMENT_TEAM = U98MB87JNM;
				GENERATE_INFOPLIST_FILE = YES;
				MARKETING_VERSION = 1.0;
				PRODUCT_BUNDLE_IDENTIFIER = splashProject.TestingSwiftUIAppsUITests;
				PRODUCT_NAME = "$(TARGET_NAME)";
				SWIFT_EMIT_LOC_STRINGS = NO;
				SWIFT_VERSION = 5.0;
				TARGETED_DEVICE_FAMILY = "1,2";
				TEST_TARGET_NAME = TestingSwiftUIApps;
			};
			name = Debug;
		};
		C7533C302A4F10AA00D7000A /* Release */ = {
			isa = XCBuildConfiguration;
			buildSettings = {
				ALWAYS_EMBED_SWIFT_STANDARD_LIBRARIES = YES;
				CODE_SIGN_STYLE = Automatic;
				CURRENT_PROJECT_VERSION = 1;
				DEVELOPMENT_TEAM = U98MB87JNM;
				GENERATE_INFOPLIST_FILE = YES;
				MARKETING_VERSION = 1.0;
				PRODUCT_BUNDLE_IDENTIFIER = splashProject.TestingSwiftUIAppsUITests;
				PRODUCT_NAME = "$(TARGET_NAME)";
				SWIFT_EMIT_LOC_STRINGS = NO;
				SWIFT_VERSION = 5.0;
				TARGETED_DEVICE_FAMILY = "1,2";
				TEST_TARGET_NAME = TestingSwiftUIApps;
			};
			name = Release;
		};
		C7D8B7C22A52928E003DDEEC /* Debug */ = {
			isa = XCBuildConfiguration;
			buildSettings = {
				BUNDLE_LOADER = "$(TEST_HOST)";
				CODE_SIGN_STYLE = Automatic;
				CURRENT_PROJECT_VERSION = 1;
				DEVELOPMENT_TEAM = U98MB87JNM;
				GENERATE_INFOPLIST_FILE = YES;
				MARKETING_VERSION = 1.0;
				PRODUCT_BUNDLE_IDENTIFIER = splashProject.ConvertersTest;
				PRODUCT_NAME = "$(TARGET_NAME)";
				SWIFT_EMIT_LOC_STRINGS = NO;
				SWIFT_VERSION = 5.0;
				TARGETED_DEVICE_FAMILY = "1,2";
				TEST_HOST = "$(BUILT_PRODUCTS_DIR)/TestingSwiftUIApps.app/$(BUNDLE_EXECUTABLE_FOLDER_PATH)/TestingSwiftUIApps";
			};
			name = Debug;
		};
		C7D8B7C32A52928E003DDEEC /* Release */ = {
			isa = XCBuildConfiguration;
			buildSettings = {
				BUNDLE_LOADER = "$(TEST_HOST)";
				CODE_SIGN_STYLE = Automatic;
				CURRENT_PROJECT_VERSION = 1;
				DEVELOPMENT_TEAM = U98MB87JNM;
				GENERATE_INFOPLIST_FILE = YES;
				MARKETING_VERSION = 1.0;
				PRODUCT_BUNDLE_IDENTIFIER = splashProject.ConvertersTest;
				PRODUCT_NAME = "$(TARGET_NAME)";
				SWIFT_EMIT_LOC_STRINGS = NO;
				SWIFT_VERSION = 5.0;
				TARGETED_DEVICE_FAMILY = "1,2";
				TEST_HOST = "$(BUILT_PRODUCTS_DIR)/TestingSwiftUIApps.app/$(BUNDLE_EXECUTABLE_FOLDER_PATH)/TestingSwiftUIApps";
			};
			name = Release;
		};
/* End XCBuildConfiguration section */

/* Begin XCConfigurationList section */
		C7533BFF2A4F10A600D7000A /* Build configuration list for PBXProject "TestingSwiftUIApps" */ = {
			isa = XCConfigurationList;
			buildConfigurations = (
				C7533C262A4F10AA00D7000A /* Debug */,
				C7533C272A4F10AA00D7000A /* Release */,
			);
			defaultConfigurationIsVisible = 0;
			defaultConfigurationName = Release;
		};
		C7533C282A4F10AA00D7000A /* Build configuration list for PBXNativeTarget "TestingSwiftUIApps" */ = {
			isa = XCConfigurationList;
			buildConfigurations = (
				C7533C292A4F10AA00D7000A /* Debug */,
				C7533C2A2A4F10AA00D7000A /* Release */,
			);
			defaultConfigurationIsVisible = 0;
			defaultConfigurationName = Release;
		};
		C7533C2B2A4F10AA00D7000A /* Build configuration list for PBXNativeTarget "TestingSwiftUIAppsTests" */ = {
			isa = XCConfigurationList;
			buildConfigurations = (
				C7533C2C2A4F10AA00D7000A /* Debug */,
				C7533C2D2A4F10AA00D7000A /* Release */,
			);
			defaultConfigurationIsVisible = 0;
			defaultConfigurationName = Release;
		};
		C7533C2E2A4F10AA00D7000A /* Build configuration list for PBXNativeTarget "TestingSwiftUIAppsUITests" */ = {
			isa = XCConfigurationList;
			buildConfigurations = (
				C7533C2F2A4F10AA00D7000A /* Debug */,
				C7533C302A4F10AA00D7000A /* Release */,
			);
			defaultConfigurationIsVisible = 0;
			defaultConfigurationName = Release;
		};
		C7D8B7C12A52928E003DDEEC /* Build configuration list for PBXNativeTarget "ConvertersTest" */ = {
			isa = XCConfigurationList;
			buildConfigurations = (
				C7D8B7C22A52928E003DDEEC /* Debug */,
				C7D8B7C32A52928E003DDEEC /* Release */,
			);
			defaultConfigurationIsVisible = 0;
			defaultConfigurationName = Release;
		};
/* End XCConfigurationList section */
	};
	rootObject = C7533BFC2A4F10A600D7000A /* Project object */;
}
